
Microsoft Visual Studio Solution File, Format Version 12.00
# Visual Studio Version 17
VisualStudioVersion = 17.14.36301.6 d17.14
MinimumVisualStudioVersion = 10.0.40219.1
Project("{FAE04EC0-301F-11D3-BF4B-00C04F79EFBC}") = "DesktopClock", "DesktopClock\DesktopClock.csproj", "{61A744A2-9C6F-4EB5-912D-E9F00A89C9F7}"
EndProject
Global
	GlobalSection(SolutionConfigurationPlatforms) = preSolution
		Debug|Any CPU = Debug|Any CPU
		Release|Any CPU = Release|Any CPU
	EndGlobalSection
	GlobalSection(ProjectConfigurationPlatforms) = postSolution
		{61A744A2-9C6F-4EB5-912D-E9F00A89C9F7}.Debug|Any CPU.ActiveCfg = Debug|Any CPU
		{61A744A2-9C6F-4EB5-912D-E9F00A89C9F7}.Debug|Any CPU.Build.0 = Debug|Any CPU
		{61A744A2-9C6F-4EB5-912D-E9F00A89C9F7}.Release|Any CPU.ActiveCfg = Release|Any CPU
		{61A744A2-9C6F-4EB5-912D-E9F00A89C9F7}.Release|Any CPU.Build.0 = Release|Any CPU
	EndGlobalSection
	GlobalSection(SolutionProperties) = preSolution
		HideSolutionNode = FALSE
	EndGlobalSection
	GlobalSection(ExtensibilityGlobals) = postSolution
		SolutionGuid = {2E949DBF-5328-4610-8C5B-B31776499792}
	EndGlobalSection
EndGlobal
